
Microsoft Visual Studio Solution File, Format Version 12.00
# Visual Studio Version 17
VisualStudioVersion = 17.10.35027.167
MinimumVisualStudioVersion = 10.0.40219.1
Project("{FAE04EC0-301F-11D3-BF4B-00C04F79EFBC}") = "MVCAssignment2", "MVCAssignment2\MVCAssignment2.csproj", "{089919A6-A90E-451F-819A-862A838D6CE1}"
EndProject
Global
	GlobalSection(SolutionConfigurationPlatforms) = preSolution
		Debug|Any CPU = Debug|Any CPU
		Release|Any CPU = Release|Any CPU
	EndGlobalSection
	GlobalSection(ProjectConfigurationPlatforms) = postSolution
		{089919A6-A90E-451F-819A-862A838D6CE1}.Debug|Any CPU.ActiveCfg = Debug|Any CPU
		{089919A6-A90E-451F-819A-862A838D6CE1}.Debug|Any CPU.Build.0 = Debug|Any CPU
		{089919A6-A90E-451F-819A-862A838D6CE1}.Release|Any CPU.ActiveCfg = Release|Any CPU
		{089919A6-A90E-451F-819A-862A838D6CE1}.Release|Any CPU.Build.0 = Release|Any CPU
	EndGlobalSection
	GlobalSection(SolutionProperties) = preSolution
		HideSolutionNode = FALSE
	EndGlobalSection
	GlobalSection(ExtensibilityGlobals) = postSolution
		SolutionGuid = {26D87EDC-CB88-4FBD-A9D1-2460CA4E7B0B}
	EndGlobalSection
EndGlobal
